
Microsoft Visual Studio Solution File, Format Version 12.00
# Visual Studio Version 16
VisualStudioVersion = 16.0.29521.150
MinimumVisualStudioVersion = 10.0.40219.1
Project("{FAE04EC0-301F-11D3-BF4B-00C04F79EFBC}") = "DateTime Challenge", "DateTime Challenge\DateTime Challenge.csproj", "{245B29A5-12FC-4ABC-BB1B-51A26B2F950D}"
EndProject
Global
	GlobalSection(SolutionConfigurationPlatforms) = preSolution
		Debug|Any CPU = Debug|Any CPU
		Release|Any CPU = Release|Any CPU
	EndGlobalSection
	GlobalSection(ProjectConfigurationPlatforms) = postSolution
		{245B29A5-12FC-4ABC-BB1B-51A26B2F950D}.Debug|Any CPU.ActiveCfg = Debug|Any CPU
		{245B29A5-12FC-4ABC-BB1B-51A26B2F950D}.Debug|Any CPU.Build.0 = Debug|Any CPU
		{245B29A5-12FC-4ABC-BB1B-51A26B2F950D}.Release|Any CPU.ActiveCfg = Release|Any CPU
		{245B29A5-12FC-4ABC-BB1B-51A26B2F950D}.Release|Any CPU.Build.0 = Release|Any CPU
	EndGlobalSection
	GlobalSection(SolutionProperties) = preSolution
		HideSolutionNode = FALSE
	EndGlobalSection
	GlobalSection(ExtensibilityGlobals) = postSolution
		SolutionGuid = {DA7FE427-049B-43AE-BD60-FD51E35BBB1D}
	EndGlobalSection
EndGlobal
